
Microsoft Visual Studio Solution File, Format Version 11.00
# Visual Studio 2010
Project("{FAE04EC0-301F-11D3-BF4B-00C04F79EFBC}") = "KLOR", "Assembly-CSharp.csproj", "{168BF197-7BE6-79B7-92C1-9EF4C8C54CAE}"
EndProject
Project("{FAE04EC0-301F-11D3-BF4B-00C04F79EFBC}") = "KLOR", "Assembly-CSharp-Editor.csproj", "{5CB0A8A0-942C-B186-7BBA-DDC24A460C4C}"
EndProject
Global
	GlobalSection(SolutionConfigurationPlatforms) = preSolution
		Debug|Any CPU = Debug|Any CPU
		Release|Any CPU = Release|Any CPU
	EndGlobalSection
	GlobalSection(ProjectConfigurationPlatforms) = postSolution
		{168BF197-7BE6-79B7-92C1-9EF4C8C54CAE}.Debug|Any CPU.ActiveCfg = Debug|Any CPU
		{168BF197-7BE6-79B7-92C1-9EF4C8C54CAE}.Debug|Any CPU.Build.0 = Debug|Any CPU
		{168BF197-7BE6-79B7-92C1-9EF4C8C54CAE}.Release|Any CPU.ActiveCfg = Release|Any CPU
		{168BF197-7BE6-79B7-92C1-9EF4C8C54CAE}.Release|Any CPU.Build.0 = Release|Any CPU
		{5CB0A8A0-942C-B186-7BBA-DDC24A460C4C}.Debug|Any CPU.ActiveCfg = Debug|Any CPU
		{5CB0A8A0-942C-B186-7BBA-DDC24A460C4C}.Debug|Any CPU.Build.0 = Debug|Any CPU
		{5CB0A8A0-942C-B186-7BBA-DDC24A460C4C}.Release|Any CPU.ActiveCfg = Release|Any CPU
		{5CB0A8A0-942C-B186-7BBA-DDC24A460C4C}.Release|Any CPU.Build.0 = Release|Any CPU
	EndGlobalSection
	GlobalSection(SolutionProperties) = preSolution
		HideSolutionNode = FALSE
	EndGlobalSection
	GlobalSection(MonoDevelopProperties) = preSolution
		StartupItem = Assembly-CSharp.csproj
	EndGlobalSection
EndGlobal
